
Microsoft Visual Studio Solution File, Format Version 12.00
# Visual Studio Version 16
VisualStudioVersion = 16.0.30523.141
MinimumVisualStudioVersion = 10.0.40219.1
Project("{FAE04EC0-301F-11D3-BF4B-00C04F79EFBC}") = "bai 2 BTH 1 lap trinh huong doi tuong", "bai 2 BTH 1 lap trinh huong doi tuong\bai 2 BTH 1 lap trinh huong doi tuong.csproj", "{F7DB879F-D9EE-4B04-BEF6-F8D406BDC1D0}"
EndProject
Global
	GlobalSection(SolutionConfigurationPlatforms) = preSolution
		Debug|Any CPU = Debug|Any CPU
		Release|Any CPU = Release|Any CPU
	EndGlobalSection
	GlobalSection(ProjectConfigurationPlatforms) = postSolution
		{F7DB879F-D9EE-4B04-BEF6-F8D406BDC1D0}.Debug|Any CPU.ActiveCfg = Debug|Any CPU
		{F7DB879F-D9EE-4B04-BEF6-F8D406BDC1D0}.Debug|Any CPU.Build.0 = Debug|Any CPU
		{F7DB879F-D9EE-4B04-BEF6-F8D406BDC1D0}.Release|Any CPU.ActiveCfg = Release|Any CPU
		{F7DB879F-D9EE-4B04-BEF6-F8D406BDC1D0}.Release|Any CPU.Build.0 = Release|Any CPU
	EndGlobalSection
	GlobalSection(SolutionProperties) = preSolution
		HideSolutionNode = FALSE
	EndGlobalSection
	GlobalSection(ExtensibilityGlobals) = postSolution
		SolutionGuid = {EDF03F80-BBB4-4ED0-B1E0-D7154A17DA71}
	EndGlobalSection
EndGlobal
